
Microsoft Visual Studio Solution File, Format Version 12.00
# Visual Studio Version 17
VisualStudioVersion = 17.2.32630.192
MinimumVisualStudioVersion = 10.0.40219.1
Project("{FAE04EC0-301F-11D3-BF4B-00C04F79EFBC}") = "ElectroDesktop", "ElectroDesktop\ElectroDesktop.csproj", "{118B529D-17BA-4F9B-9830-1DF64AE2A432}"
EndProject
Global
	GlobalSection(SolutionConfigurationPlatforms) = preSolution
		Debug|Any CPU = Debug|Any CPU
		Release|Any CPU = Release|Any CPU
	EndGlobalSection
	GlobalSection(ProjectConfigurationPlatforms) = postSolution
		{118B529D-17BA-4F9B-9830-1DF64AE2A432}.Debug|Any CPU.ActiveCfg = Debug|Any CPU
		{118B529D-17BA-4F9B-9830-1DF64AE2A432}.Debug|Any CPU.Build.0 = Debug|Any CPU
		{118B529D-17BA-4F9B-9830-1DF64AE2A432}.Release|Any CPU.ActiveCfg = Release|Any CPU
		{118B529D-17BA-4F9B-9830-1DF64AE2A432}.Release|Any CPU.Build.0 = Release|Any CPU
	EndGlobalSection
	GlobalSection(SolutionProperties) = preSolution
		HideSolutionNode = FALSE
	EndGlobalSection
	GlobalSection(ExtensibilityGlobals) = postSolution
		SolutionGuid = {AA110271-2AF1-4E37-9F87-8E0E54A5B0B8}
	EndGlobalSection
EndGlobal
